// !$*UTF8*$!
{
	archiveVersion = 1;
	classes = {
	};
	objectVersion = 46;
	objects = {

/* Begin PBXBuildFile section */
		35529CD41D5B6DB200596196 /* main.m in Sources */ = {isa = PBXBuildFile; fileRef = 35529CD31D5B6DB200596196 /* main.m */; };
		35529CD71D5B6DB200596196 /* AppDelegate.m in Sources */ = {isa = PBXBuildFile; fileRef = 35529CD61D5B6DB200596196 /* AppDelegate.m */; };
		35529CDA1D5B6DB200596196 /* ViewController.m in Sources */ = {isa = PBXBuildFile; fileRef = 35529CD91D5B6DB200596196 /* ViewController.m */; };
		35529CDD1D5B6DB200596196 /* Main.storyboard in Resources */ = {isa = PBXBuildFile; fileRef = 35529CDB1D5B6DB200596196 /* Main.storyboard */; };
		35529CDF1D5B6DB200596196 /* Assets.xcassets in Resources */ = {isa = PBXBuildFile; fileRef = 35529CDE1D5B6DB200596196 /* Assets.xcassets */; };
		35529CE21D5B6DB200596196 /* LaunchScreen.storyboard in Resources */ = {isa = PBXBuildFile; fileRef = 35529CE01D5B6DB200596196 /* LaunchScreen.storyboard */; };
/* End PBXBuildFile section */

/* Begin PBXFileReference section */
		35529CCF1D5B6DB200596196 /* KKCategory.app */ = {isa = PBXFileReference; explicitFileType = wrapper.application; includeInIndex = 0; path = KKCategory.app; sourceTree = BUILT_PRODUCTS_DIR; };
		35529CD31D5B6DB200596196 /* main.m */ = {isa = PBXFileReference; lastKnownFileType = sourcecode.c.objc; path = main.m; sourceTree = "<group>"; };
		35529CD51D5B6DB200596196 /* AppDelegate.h */ = {isa = PBXFileReference; lastKnownFileType = sourcecode.c.h; path = AppDelegate.h; sourceTree = "<group>"; };
		35529CD61D5B6DB200596196 /* AppDelegate.m */ = {isa = PBXFileReference; lastKnownFileType = sourcecode.c.objc; path = AppDelegate.m; sourceTree = "<group>"; };
		35529CD81D5B6DB200596196 /* ViewController.h */ = {isa = PBXFileReference; lastKnownFileType = sourcecode.c.h; path = ViewController.h; sourceTree = "<group>"; };
		35529CD91D5B6DB200596196 /* ViewController.m */ = {isa = PBXFileReference; lastKnownFileType = sourcecode.c.objc; path = ViewController.m; sourceTree = "<group>"; };
		35529CDC1D5B6DB200596196 /* Base */ = {isa = PBXFileReference; lastKnownFileType = file.storyboard; name = Base; path = Base.lproj/Main.storyboard; sourceTree = "<group>"; };
		35529CDE1D5B6DB200596196 /* Assets.xcassets */ = {isa = PBXFileReference; lastKnownFileType = folder.assetcatalog; path = Assets.xcassets; sourceTree = "<group>"; };
		35529CE11D5B6DB200596196 /* Base */ = {isa = PBXFileReference; lastKnownFileType = file.storyboard; name = Base; path = Base.lproj/LaunchScreen.storyboard; sourceTree = "<group>"; };
		35529CE31D5B6DB200596196 /* Info.plist */ = {isa = PBXFileReference; lastKnownFileType = text.plist.xml; path = Info.plist; sourceTree = "<group>"; };
/* End PBXFileReference section */

/* Begin PBXFrameworksBuildPhase section */
		35529CCC1D5B6DB200596196 /* Frameworks */ = {
			isa = PBXFrameworksBuildPhase;
			buildActionMask = 2147483647;
			files = (
			);
			runOnlyForDeploymentPostprocessing = 0;
		};
/* End PBXFrameworksBuildPhase section */

/* Begin PBXGroup section */
		35529CC61D5B6DB200596196 = {
			isa = PBXGroup;
			children = (
				35529CD11D5B6DB200596196 /* KKCategory */,
				35529CD01D5B6DB200596196 /* Products */,
			);
			sourceTree = "<group>";
		};
		35529CD01D5B6DB200596196 /* Products */ = {
			isa = PBXGroup;
			children = (
				35529CCF1D5B6DB200596196 /* KKCategory.app */,
			);
			name = Products;
			sourceTree = "<group>";
		};
		35529CD11D5B6DB200596196 /* KKCategory */ = {
			isa = PBXGroup;
			children = (
				35529CD51D5B6DB200596196 /* AppDelegate.h */,
				35529CD61D5B6DB200596196 /* AppDelegate.m */,
				35529CD81D5B6DB200596196 /* ViewController.h */,
				35529CD91D5B6DB200596196 /* ViewController.m */,
				35529CDB1D5B6DB200596196 /* Main.storyboard */,
				35529CDE1D5B6DB200596196 /* Assets.xcassets */,
				35529CE01D5B6DB200596196 /* LaunchScreen.storyboard */,
				35529CE31D5B6DB200596196 /* Info.plist */,
				35529CD21D5B6DB200596196 /* Supporting Files */,
			);
			path = KKCategory;
			sourceTree = "<group>";
		};
		35529CD21D5B6DB200596196 /* Supporting Files */ = {
			isa = PBXGroup;
			children = (
				35529CD31D5B6DB200596196 /* main.m */,
			);
			name = "Supporting Files";
			sourceTree = "<group>";
		};
/* End PBXGroup section */

/* Begin PBXNativeTarget section */
		35529CCE1D5B6DB200596196 /* KKCategory */ = {
			isa = PBXNativeTarget;
			buildConfigurationList = 35529CE61D5B6DB200596196 /* Build configuration list for PBXNativeTarget "KKCategory" */;
			buildPhases = (
				35529CCB1D5B6DB200596196 /* Sources */,
				35529CCC1D5B6DB200596196 /* Frameworks */,
				35529CCD1D5B6DB200596196 /* Resources */,
			);
			buildRules = (
			);
			dependencies = (
			);
			name = KKCategory;
			productName = KKCategory;
			productReference = 35529CCF1D5B6DB200596196 /* KKCategory.app */;
			productType = "com.apple.product-type.application";
		};
/* End PBXNativeTarget section */

/* Begin PBXProject section */
		35529CC71D5B6DB200596196 /* Project object */ = {
			isa = PBXProject;
			attributes = {
				LastUpgradeCheck = 0730;
				ORGANIZATIONNAME = Kun;
				TargetAttributes = {
					35529CCE1D5B6DB200596196 = {
						CreatedOnToolsVersion = 7.3;
					};
				};
			};
			buildConfigurationList = 35529CCA1D5B6DB200596196 /* Build configuration list for PBXProject "KKCategory" */;
			compatibilityVersion = "Xcode 3.2";
			developmentRegion = English;
			hasScannedForEncodings = 0;
			knownRegions = (
				en,
				Base,
			);
			mainGroup = 35529CC61D5B6DB200596196;
			productRefGroup = 35529CD01D5B6DB200596196 /* Products */;
			projectDirPath = "";
			projectRoot = "";
			targets = (
				35529CCE1D5B6DB200596196 /* KKCategory */,
			);
		};
/* End PBXProject section */

/* Begin PBXResourcesBuildPhase section */
		35529CCD1D5B6DB200596196 /* Resources */ = {
			isa = PBXResourcesBuildPhase;
			buildActionMask = 2147483647;
			files = (
				35529CE21D5B6DB200596196 /* LaunchScreen.storyboard in Resources */,
				35529CDF1D5B6DB200596196 /* Assets.xcassets in Resources */,
				35529CDD1D5B6DB200596196 /* Main.storyboard in Resources */,
			);
			runOnlyForDeploymentPostprocessing = 0;
		};
/* End PBXResourcesBuildPhase section */

/* Begin PBXSourcesBuildPhase section */
		35529CCB1D5B6DB200596196 /* Sources */ = {
			isa = PBXSourcesBuildPhase;
			buildActionMask = 2147483647;
			files = (
				35529CDA1D5B6DB200596196 /* ViewController.m in Sources */,
				35529CD71D5B6DB200596196 /* AppDelegate.m in Sources */,
				35529CD41D5B6DB200596196 /* main.m in Sources */,
			);
			runOnlyForDeploymentPostprocessing = 0;
		};
/* End PBXSourcesBuildPhase section */

/* Begin PBXVariantGroup section */
		35529CDB1D5B6DB200596196 /* Main.storyboard */ = {
			isa = PBXVariantGroup;
			children = (
				35529CDC1D5B6DB200596196 /* Base */,
			);
			name = Main.storyboard;
			sourceTree = "<group>";
		};
		35529CE01D5B6DB200596196 /* LaunchScreen.storyboard */ = {
			isa = PBXVariantGroup;
			children = (
				35529CE11D5B6DB200596196 /* Base */,
			);
			name = LaunchScreen.storyboard;
			sourceTree = "<group>";
		};
/* End PBXVariantGroup section */

/* Begin XCBuildConfiguration section */
		35529CE41D5B6DB200596196 /* Debug */ = {
			isa = XCBuildConfiguration;
			buildSettings = {
				ALWAYS_SEARCH_USER_PATHS = NO;
				CLANG_ANALYZER_NONNULL = YES;
				CLANG_CXX_LANGUAGE_STANDARD = "gnu++0x";
				CLANG_CXX_LIBRARY = "libc++";
				CLANG_ENABLE_MODULES = YES;
				CLANG_ENABLE_OBJC_ARC = YES;
				CLANG_WARN_BOOL_CONVERSION = YES;
				CLANG_WARN_CONSTANT_CONVERSION = YES;
				CLANG_WARN_DIRECT_OBJC_ISA_USAGE = YES_ERROR;
				CLANG_WARN_EMPTY_BODY = YES;
				CLANG_WARN_ENUM_CONVERSION = YES;
				CLANG_WARN_INT_CONVERSION = YES;
				CLANG_WARN_OBJC_ROOT_CLASS = YES_ERROR;
				CLANG_WARN_UNREACHABLE_CODE = YES;
				CLANG_WARN__DUPLICATE_METHOD_MATCH = YES;
				"CODE_SIGN_IDENTITY[sdk=iphoneos*]" = "iPhone Developer";
				COPY_PHASE_STRIP = NO;
				DEBUG_INFORMATION_FORMAT = dwarf;
				ENABLE_STRICT_OBJC_MSGSEND = YES;
				ENABLE_TESTABILITY = YES;
				GCC_C_LANGUAGE_STANDARD = gnu99;
				GCC_DYNAMIC_NO_PIC = NO;
				GCC_NO_COMMON_BLOCKS = YES;
				GCC_OPTIMIZATION_LEVEL = 0;
				GCC_PREPROCESSOR_DEFINITIONS = (
					"DEBUG=1",
					"$(inherited)",
				);
				GCC_WARN_64_TO_32_BIT_CONVERSION = YES;
				GCC_WARN_ABOUT_RETURN_TYPE = YES_ERROR;
				GCC_WARN_UNDECLARED_SELECTOR = YES;
				GCC_WARN_UNINITIALIZED_AUTOS = YES_AGGRESSIVE;
				GCC_WARN_UNUSED_FUNCTION = YES;
				GCC_WARN_UNUSED_VARIABLE = YES;
				IPHONEOS_DEPLOYMENT_TARGET = 9.3;
				MTL_ENABLE_DEBUG_INFO = YES;
				ONLY_ACTIVE_ARCH = YES;
				SDKROOT = iphoneos;
				TARGETED_DEVICE_FAMILY = "1,2";
			};
			name = Debug;
		};
		35529CE51D5B6DB200596196 /* Release */ = {
			isa = XCBuildConfiguration;
			buildSettings = {
				ALWAYS_SEARCH_USER_PATHS = NO;
				CLANG_ANALYZER_NONNULL = YES;
				CLANG_CXX_LANGUAGE_STANDARD = "gnu++0x";
				CLANG_CXX_LIBRARY = "libc++";
				CLANG_ENABLE_MODULES = YES;
				CLANG_ENABLE_OBJC_ARC = YES;
				CLANG_WARN_BOOL_CONVERSION = YES;
				CLANG_WARN_CONSTANT_CONVERSION = YES;
				CLANG_WARN_DIRECT_OBJC_ISA_USAGE = YES_ERROR;
				CLANG_WARN_EMPTY_BODY = YES;
				CLANG_WARN_ENUM_CONVERSION = YES;
				CLANG_WARN_INT_CONVERSION = YES;
				CLANG_WARN_OBJC_ROOT_CLASS = YES_ERROR;
				CLANG_WARN_UNREACHABLE_CODE = YES;
				CLANG_WARN__DUPLICATE_METHOD_MATCH = YES;
				"CODE_SIGN_IDENTITY[sdk=iphoneos*]" = "iPhone Developer";
				COPY_PHASE_STRIP = NO;
				DEBUG_INFORMATION_FORMAT = "dwarf-with-dsym";
				ENABLE_NS_ASSERTIONS = NO;
				ENABLE_STRICT_OBJC_MSGSEND = YES;
				GCC_C_LANGUAGE_STANDARD = gnu99;
				GCC_NO_COMMON_BLOCKS = YES;
				GCC_WARN_64_TO_32_BIT_CONVERSION = YES;
				GCC_WARN_ABOUT_RETURN_TYPE = YES_ERROR;
				GCC_WARN_UNDECLARED_SELECTOR = YES;
				GCC_WARN_UNINITIALIZED_AUTOS = YES_AGGRESSIVE;
				GCC_WARN_UNUSED_FUNCTION = YES;
				GCC_WARN_UNUSED_VARIABLE = YES;
				IPHONEOS_DEPLOYMENT_TARGET = 9.3;
				MTL_ENABLE_DEBUG_INFO = NO;
				SDKROOT = iphoneos;
				TARGETED_DEVICE_FAMILY = "1,2";
				VALIDATE_PRODUCT = YES;
			};
			name = Release;
		};
		35529CE71D5B6DB200596196 /* Debug */ = {
			isa = XCBuildConfiguration;
			buildSettings = {
				ASSETCATALOG_COMPILER_APPICON_NAME = AppIcon;
				INFOPLIST_FILE = KKCategory/Info.plist;
				LD_RUNPATH_SEARCH_PATHS = "$(inherited) @executable_path/Frameworks";
				PRODUCT_BUNDLE_IDENTIFIER = com.zhaokun.KKCategory;
				PRODUCT_NAME = "$(TARGET_NAME)";
			};
			name = Debug;
		};
		35529CE81D5B6DB200596196 /* Release */ = {
			isa = XCBuildConfiguration;
			buildSettings = {
				ASSETCATALOG_COMPILER_APPICON_NAME = AppIcon;
				INFOPLIST_FILE = KKCategory/Info.plist;
				LD_RUNPATH_SEARCH_PATHS = "$(inherited) @executable_path/Frameworks";
				PRODUCT_BUNDLE_IDENTIFIER = com.zhaokun.KKCategory;
				PRODUCT_NAME = "$(TARGET_NAME)";
			};
			name = Release;
		};
/* End XCBuildConfiguration section */

/* Begin XCConfigurationList section */
		35529CCA1D5B6DB200596196 /* Build configuration list for PBXProject "KKCategory" */ = {
			isa = XCConfigurationList;
			buildConfigurations = (
				35529CE41D5B6DB200596196 /* Debug */,
				35529CE51D5B6DB200596196 /* Release */,
			);
			defaultConfigurationIsVisible = 0;
			defaultConfigurationName = Release;
		};
		35529CE61D5B6DB200596196 /* Build configuration list for PBXNativeTarget "KKCategory" */ = {
			isa = XCConfigurationList;
			buildConfigurations = (
				35529CE71D5B6DB200596196 /* Debug */,
				35529CE81D5B6DB200596196 /* Release */,
			);
			defaultConfigurationIsVisible = 0;
		};
/* End XCConfigurationList section */
	};
	rootObject = 35529CC71D5B6DB200596196 /* Project object */;
}
